
Microsoft Visual Studio Solution File, Format Version 12.00
# Visual Studio Version 17
VisualStudioVersion = 17.11.35327.3
MinimumVisualStudioVersion = 10.0.40219.1
Project("{FAE04EC0-301F-11D3-BF4B-00C04F79EFBC}") = "AuthService.API", "AuthService.API\AuthService.API.csproj", "{1B425381-5493-4E81-BF91-837B627FA4B7}"
EndProject
Project("{FAE04EC0-301F-11D3-BF4B-00C04F79EFBC}") = "AuthService.Application", "AuthService.Application\AuthService.Application.csproj", "{0312E799-AF1F-451E-88C7-ABC1543F1544}"
EndProject
Project("{FAE04EC0-301F-11D3-BF4B-00C04F79EFBC}") = "AuthService.Domain", "AuthService.Domain\AuthService.Domain.csproj", "{970719F5-72BF-4117-B7E5-FD2CAFCA57F8}"
EndProject
Project("{FAE04EC0-301F-11D3-BF4B-00C04F79EFBC}") = "AuthService.Infrastructure", "AuthService.Infrastructure\AuthService.Infrastructure.csproj", "{640BA260-2ACD-4709-AC48-E486F87E053C}"
EndProject
Project("{2150E333-8FDC-42A3-9474-1A3956D46DE8}") = "Solution Items", "Solution Items", "{8EC462FD-D22E-90A8-E5CE-7E832BA40C5D}"
	ProjectSection(SolutionItems) = preProject
		docker-compose.yml = docker-compose.yml
	EndProjectSection
EndProject
Global
	GlobalSection(SolutionConfigurationPlatforms) = preSolution
		Debug|Any CPU = Debug|Any CPU
		Release|Any CPU = Release|Any CPU
	EndGlobalSection
	GlobalSection(ProjectConfigurationPlatforms) = postSolution
		{1B425381-5493-4E81-BF91-837B627FA4B7}.Debug|Any CPU.ActiveCfg = Debug|Any CPU
		{1B425381-5493-4E81-BF91-837B627FA4B7}.Debug|Any CPU.Build.0 = Debug|Any CPU
		{1B425381-5493-4E81-BF91-837B627FA4B7}.Release|Any CPU.ActiveCfg = Release|Any CPU
		{1B425381-5493-4E81-BF91-837B627FA4B7}.Release|Any CPU.Build.0 = Release|Any CPU
		{0312E799-AF1F-451E-88C7-ABC1543F1544}.Debug|Any CPU.ActiveCfg = Debug|Any CPU
		{0312E799-AF1F-451E-88C7-ABC1543F1544}.Debug|Any CPU.Build.0 = Debug|Any CPU
		{0312E799-AF1F-451E-88C7-ABC1543F1544}.Release|Any CPU.ActiveCfg = Release|Any CPU
		{0312E799-AF1F-451E-88C7-ABC1543F1544}.Release|Any CPU.Build.0 = Release|Any CPU
		{970719F5-72BF-4117-B7E5-FD2CAFCA57F8}.Debug|Any CPU.ActiveCfg = Debug|Any CPU
		{970719F5-72BF-4117-B7E5-FD2CAFCA57F8}.Debug|Any CPU.Build.0 = Debug|Any CPU
		{970719F5-72BF-4117-B7E5-FD2CAFCA57F8}.Release|Any CPU.ActiveCfg = Release|Any CPU
		{970719F5-72BF-4117-B7E5-FD2CAFCA57F8}.Release|Any CPU.Build.0 = Release|Any CPU
		{640BA260-2ACD-4709-AC48-E486F87E053C}.Debug|Any CPU.ActiveCfg = Debug|Any CPU
		{640BA260-2ACD-4709-AC48-E486F87E053C}.Debug|Any CPU.Build.0 = Debug|Any CPU
		{640BA260-2ACD-4709-AC48-E486F87E053C}.Release|Any CPU.ActiveCfg = Release|Any CPU
		{640BA260-2ACD-4709-AC48-E486F87E053C}.Release|Any CPU.Build.0 = Release|Any CPU
	EndGlobalSection
	GlobalSection(SolutionProperties) = preSolution
		HideSolutionNode = FALSE
	EndGlobalSection
	GlobalSection(ExtensibilityGlobals) = postSolution
		SolutionGuid = {669DF778-DEC2-405D-872A-CC6B01456C51}
	EndGlobalSection
EndGlobal
